
Microsoft Visual Studio Solution File, Format Version 12.00
# Visual Studio Version 17
VisualStudioVersion = 17.3.32825.248
MinimumVisualStudioVersion = 10.0.40219.1
Project("{FAE04EC0-301F-11D3-BF4B-00C04F79EFBC}") = "DataProtectionInServer", "DataProtectionInServer\DataProtectionInServer.csproj", "{D54B2924-F586-44ED-B433-78F2D9DAC265}"
EndProject
Global
	GlobalSection(SolutionConfigurationPlatforms) = preSolution
		Debug|Any CPU = Debug|Any CPU
		Release|Any CPU = Release|Any CPU
	EndGlobalSection
	GlobalSection(ProjectConfigurationPlatforms) = postSolution
		{D54B2924-F586-44ED-B433-78F2D9DAC265}.Debug|Any CPU.ActiveCfg = Debug|Any CPU
		{D54B2924-F586-44ED-B433-78F2D9DAC265}.Debug|Any CPU.Build.0 = Debug|Any CPU
		{D54B2924-F586-44ED-B433-78F2D9DAC265}.Release|Any CPU.ActiveCfg = Release|Any CPU
		{D54B2924-F586-44ED-B433-78F2D9DAC265}.Release|Any CPU.Build.0 = Release|Any CPU
	EndGlobalSection
	GlobalSection(SolutionProperties) = preSolution
		HideSolutionNode = FALSE
	EndGlobalSection
	GlobalSection(ExtensibilityGlobals) = postSolution
		SolutionGuid = {4771A074-18A0-4E6D-95E6-7DFA90F2535E}
	EndGlobalSection
EndGlobal
